
Microsoft Visual Studio Solution File, Format Version 12.00
# Visual Studio Version 17
VisualStudioVersion = 17.13.35825.156
MinimumVisualStudioVersion = 10.0.40219.1
Project("{FAE04EC0-301F-11D3-BF4B-00C04F79EFBC}") = "XML", "xml\linkedin-xml.csproj", "{BCFF3F6D-2471-42FF-B14F-75FF3A4DF3D4}"
EndProject
Global
	GlobalSection(SolutionConfigurationPlatforms) = preSolution
		Debug|Any CPU = Debug|Any CPU
		Release|Any CPU = Release|Any CPU
	EndGlobalSection
	GlobalSection(ProjectConfigurationPlatforms) = postSolution
		{BCFF3F6D-2471-42FF-B14F-75FF3A4DF3D4}.Debug|Any CPU.ActiveCfg = Debug|Any CPU
		{BCFF3F6D-2471-42FF-B14F-75FF3A4DF3D4}.Debug|Any CPU.Build.0 = Debug|Any CPU
		{BCFF3F6D-2471-42FF-B14F-75FF3A4DF3D4}.Release|Any CPU.ActiveCfg = Release|Any CPU
		{BCFF3F6D-2471-42FF-B14F-75FF3A4DF3D4}.Release|Any CPU.Build.0 = Release|Any CPU
	EndGlobalSection
	GlobalSection(SolutionProperties) = preSolution
		HideSolutionNode = FALSE
	EndGlobalSection
	GlobalSection(ExtensibilityGlobals) = postSolution
		SolutionGuid = {F2C4E90D-D71C-41B0-AF26-A6F28F791FEE}
	EndGlobalSection
EndGlobal
